
Microsoft Visual Studio Solution File, Format Version 12.00
# Visual Studio Version 17
VisualStudioVersion = 17.0.31903.59
MinimumVisualStudioVersion = 10.0.40219.1
Project("{F2A71F9B-5D33-465A-A702-920D77279786}") = "MyLibrary", "MyLibrary\MyLibrary.fsproj", "{37C1C6AD-AA0C-4993-A3A0-ED92D1F560E3}"
EndProject
Project("{F2A71F9B-5D33-465A-A702-920D77279786}") = "MyLibrary.Tests", "MyLibrary.Tests\MyLibrary.Tests.fsproj", "{9E3AC864-5101-4F60-AB1F-2C3DE817CB12}"
EndProject
Global
	GlobalSection(SolutionConfigurationPlatforms) = preSolution
		Debug|Any CPU = Debug|Any CPU
		Release|Any CPU = Release|Any CPU
	EndGlobalSection
	GlobalSection(SolutionProperties) = preSolution
		HideSolutionNode = FALSE
	EndGlobalSection
	GlobalSection(ProjectConfigurationPlatforms) = postSolution
		{37C1C6AD-AA0C-4993-A3A0-ED92D1F560E3}.Debug|Any CPU.ActiveCfg = Debug|Any CPU
		{37C1C6AD-AA0C-4993-A3A0-ED92D1F560E3}.Debug|Any CPU.Build.0 = Debug|Any CPU
		{37C1C6AD-AA0C-4993-A3A0-ED92D1F560E3}.Release|Any CPU.ActiveCfg = Release|Any CPU
		{37C1C6AD-AA0C-4993-A3A0-ED92D1F560E3}.Release|Any CPU.Build.0 = Release|Any CPU
		{9E3AC864-5101-4F60-AB1F-2C3DE817CB12}.Debug|Any CPU.ActiveCfg = Debug|Any CPU
		{9E3AC864-5101-4F60-AB1F-2C3DE817CB12}.Debug|Any CPU.Build.0 = Debug|Any CPU
		{9E3AC864-5101-4F60-AB1F-2C3DE817CB12}.Release|Any CPU.ActiveCfg = Release|Any CPU
		{9E3AC864-5101-4F60-AB1F-2C3DE817CB12}.Release|Any CPU.Build.0 = Release|Any CPU
	EndGlobalSection
EndGlobal
