
Microsoft Visual Studio Solution File, Format Version 12.00
# Visual Studio Version 17
VisualStudioVersion = 17.0.31903.59
MinimumVisualStudioVersion = 10.0.40219.1
Project("{F2A71F9B-5D33-465A-A702-920D77279786}") = "MiniCrawler", "MiniCrawler\MiniCrawler.fsproj", "{7041F175-D772-4EBE-96D0-2511C27C5A15}"
EndProject
Project("{F2A71F9B-5D33-465A-A702-920D77279786}") = "MiniCrawler.Tests", "MiniCrawler.Tests\MiniCrawler.Tests.fsproj", "{C4AC6888-3B44-416D-B52A-3023E6D6376B}"
EndProject
Global
	GlobalSection(SolutionConfigurationPlatforms) = preSolution
		Debug|Any CPU = Debug|Any CPU
		Release|Any CPU = Release|Any CPU
	EndGlobalSection
	GlobalSection(SolutionProperties) = preSolution
		HideSolutionNode = FALSE
	EndGlobalSection
	GlobalSection(ProjectConfigurationPlatforms) = postSolution
		{7041F175-D772-4EBE-96D0-2511C27C5A15}.Debug|Any CPU.ActiveCfg = Debug|Any CPU
		{7041F175-D772-4EBE-96D0-2511C27C5A15}.Debug|Any CPU.Build.0 = Debug|Any CPU
		{7041F175-D772-4EBE-96D0-2511C27C5A15}.Release|Any CPU.ActiveCfg = Release|Any CPU
		{7041F175-D772-4EBE-96D0-2511C27C5A15}.Release|Any CPU.Build.0 = Release|Any CPU
		{C4AC6888-3B44-416D-B52A-3023E6D6376B}.Debug|Any CPU.ActiveCfg = Debug|Any CPU
		{C4AC6888-3B44-416D-B52A-3023E6D6376B}.Debug|Any CPU.Build.0 = Debug|Any CPU
		{C4AC6888-3B44-416D-B52A-3023E6D6376B}.Release|Any CPU.ActiveCfg = Release|Any CPU
		{C4AC6888-3B44-416D-B52A-3023E6D6376B}.Release|Any CPU.Build.0 = Release|Any CPU
	EndGlobalSection
EndGlobal
