
Microsoft Visual Studio Solution File, Format Version 12.00
# Visual Studio Version 17
VisualStudioVersion = 17.0.31903.59
MinimumVisualStudioVersion = 10.0.40219.1
Project("{F2A71F9B-5D33-465A-A702-920D77279786}") = "LocalNetwork", "LocalNetwork\LocalNetwork.fsproj", "{4204321E-9333-4D32-9A00-EC83FCED82C5}"
EndProject
Project("{F2A71F9B-5D33-465A-A702-920D77279786}") = "LocalNetwork.Tests", "LocalNetwork.Tests\LocalNetwork.Tests.fsproj", "{B0B90424-E05D-4F37-86FB-D3CA313B80F3}"
EndProject
Global
	GlobalSection(SolutionConfigurationPlatforms) = preSolution
		Debug|Any CPU = Debug|Any CPU
		Release|Any CPU = Release|Any CPU
	EndGlobalSection
	GlobalSection(SolutionProperties) = preSolution
		HideSolutionNode = FALSE
	EndGlobalSection
	GlobalSection(ProjectConfigurationPlatforms) = postSolution
		{4204321E-9333-4D32-9A00-EC83FCED82C5}.Debug|Any CPU.ActiveCfg = Debug|Any CPU
		{4204321E-9333-4D32-9A00-EC83FCED82C5}.Debug|Any CPU.Build.0 = Debug|Any CPU
		{4204321E-9333-4D32-9A00-EC83FCED82C5}.Release|Any CPU.ActiveCfg = Release|Any CPU
		{4204321E-9333-4D32-9A00-EC83FCED82C5}.Release|Any CPU.Build.0 = Release|Any CPU
		{B0B90424-E05D-4F37-86FB-D3CA313B80F3}.Debug|Any CPU.ActiveCfg = Debug|Any CPU
		{B0B90424-E05D-4F37-86FB-D3CA313B80F3}.Debug|Any CPU.Build.0 = Debug|Any CPU
		{B0B90424-E05D-4F37-86FB-D3CA313B80F3}.Release|Any CPU.ActiveCfg = Release|Any CPU
		{B0B90424-E05D-4F37-86FB-D3CA313B80F3}.Release|Any CPU.Build.0 = Release|Any CPU
	EndGlobalSection
EndGlobal
